
Microsoft Visual Studio Solution File, Format Version 12.00
# Visual Studio 15
Project("{FAE04EC0-301F-11D3-BF4B-00C04F79EFBC}") = "Unity.Timeline", "Unity.Timeline.csproj", "{ADF8C372-01F2-0F71-7B2C-811664BF8BDD}"
EndProject
Project("{FAE04EC0-301F-11D3-BF4B-00C04F79EFBC}") = "Unity.RenderPipelines.GPUDriven.Runtime", "Unity.RenderPipelines.GPUDriven.Runtime.csproj", "{528A2689-A184-0F36-098C-6777E6E2066B}"
EndProject
Project("{FAE04EC0-301F-11D3-BF4B-00C04F79EFBC}") = "Unity.PlasticSCM.Editor", "Unity.PlasticSCM.Editor.csproj", "{A91ACAA9-0388-B9AF-B8B2-FA9E1175FACD}"
EndProject
Project("{FAE04EC0-301F-11D3-BF4B-00C04F79EFBC}") = "Unity.2D.Aseprite.Editor", "Unity.2D.Aseprite.Editor.csproj", "{95D06C6C-4320-E6AB-F65C-7091A0A4DD96}"
EndProject
Project("{FAE04EC0-301F-11D3-BF4B-00C04F79EFBC}") = "Unity.ShaderGraph.Editor", "Unity.ShaderGraph.Editor.csproj", "{39804BC4-BCC3-40CA-B277-65406D8CDF4E}"
EndProject
Project("{FAE04EC0-301F-11D3-BF4B-00C04F79EFBC}") = "Unity.RenderPipelines.Core.Runtime", "Unity.RenderPipelines.Core.Runtime.csproj", "{75EEBCFE-00F2-DFAA-039D-45A002B6241B}"
EndProject
Project("{FAE04EC0-301F-11D3-BF4B-00C04F79EFBC}") = "Unity.Mathematics", "Unity.Mathematics.csproj", "{879A5FB7-FEB7-73E1-23B0-12AC1A34EFF4}"
EndProject
Project("{FAE04EC0-301F-11D3-BF4B-00C04F79EFBC}") = "Unity.Timeline.Editor", "Unity.Timeline.Editor.csproj", "{2B9C05AF-1495-3B28-1176-077800F133A6}"
EndProject
Project("{FAE04EC0-301F-11D3-BF4B-00C04F79EFBC}") = "Unity.Multiplayer.Center.Editor", "Unity.Multiplayer.Center.Editor.csproj", "{C26C2ABE-5CF1-1E59-354F-7D73EE9B6557}"
EndProject
Project("{FAE04EC0-301F-11D3-BF4B-00C04F79EFBC}") = "Unity.RenderPipelines.Core.Editor", "Unity.RenderPipelines.Core.Editor.csproj", "{945798D3-7EC8-88E3-45F1-09F985A1470C}"
EndProject
Project("{FAE04EC0-301F-11D3-BF4B-00C04F79EFBC}") = "Unity.Collections", "Unity.Collections.csproj", "{60B2ECD4-611C-4346-F4B8-526B73BC8CDF}"
EndProject
Project("{FAE04EC0-301F-11D3-BF4B-00C04F79EFBC}") = "UnityEngine.UI", "UnityEngine.UI.csproj", "{F6C2D342-273F-D470-7608-2DC464F1EC11}"
EndProject
Project("{FAE04EC0-301F-11D3-BF4B-00C04F79EFBC}") = "Unity.2D.IK.Runtime", "Unity.2D.IK.Runtime.csproj", "{7B2FF8BD-8E8F-E2DB-DCD7-5D7F0E186DB2}"
EndProject
Project("{FAE04EC0-301F-11D3-BF4B-00C04F79EFBC}") = "Unity.RenderPipelines.Universal.2D.Runtime", "Unity.RenderPipelines.Universal.2D.Runtime.csproj", "{318D0427-4401-149A-997E-1519B26C5DD0}"
EndProject
Project("{FAE04EC0-301F-11D3-BF4B-00C04F79EFBC}") = "Unity.2D.Psdimporter.Editor", "Unity.2D.Psdimporter.Editor.csproj", "{5A28B334-6948-41B9-39E5-51E4D4B9C7BD}"
EndProject
Project("{FAE04EC0-301F-11D3-BF4B-00C04F79EFBC}") = "Unity.VisualScripting.Core.Editor", "Unity.VisualScripting.Core.Editor.csproj", "{4A124137-FA91-F259-ACC4-4A46433307D3}"
EndProject
Project("{FAE04EC0-301F-11D3-BF4B-00C04F79EFBC}") = "Unity.RenderPipelines.Universal.Editor", "Unity.RenderPipelines.Universal.Editor.csproj", "{BA26856B-1E93-37CD-BC0E-88289B2AB32F}"
EndProject
Project("{FAE04EC0-301F-11D3-BF4B-00C04F79EFBC}") = "Unity.PerformanceTesting.Editor", "Unity.PerformanceTesting.Editor.csproj", "{6A946036-D437-C77E-253E-EC152D6B5501}"
EndProject
Project("{FAE04EC0-301F-11D3-BF4B-00C04F79EFBC}") = "UnityEngine.TestRunner", "UnityEngine.TestRunner.csproj", "{43498223-36D0-5D8A-0134-A31F75D6A3C7}"
EndProject
Project("{FAE04EC0-301F-11D3-BF4B-00C04F79EFBC}") = "Unity.2D.Tilemap.Editor", "Unity.2D.Tilemap.Editor.csproj", "{3981EA11-AA43-BC46-EDBE-60FFE445613A}"
EndProject
Project("{FAE04EC0-301F-11D3-BF4B-00C04F79EFBC}") = "Unity.Burst", "Unity.Burst.csproj", "{127259AA-6E7A-EE2C-D746-A4779AF6A1FF}"
EndProject
Project("{FAE04EC0-301F-11D3-BF4B-00C04F79EFBC}") = "Unity.VisualScripting.Flow.Editor", "Unity.VisualScripting.Flow.Editor.csproj", "{D6C25DD3-8366-CF92-F7A1-E77D3037A531}"
EndProject
Project("{FAE04EC0-301F-11D3-BF4B-00C04F79EFBC}") = "Unity.2D.SpriteShape.Editor", "Unity.2D.SpriteShape.Editor.csproj", "{6A42D73C-132B-59A7-40E9-655014D3AA6D}"
EndProject
Project("{FAE04EC0-301F-11D3-BF4B-00C04F79EFBC}") = "Unity.VisualStudio.Editor", "Unity.VisualStudio.Editor.csproj", "{D0B50EC4-E719-E8A3-2A92-84D912FFEDD2}"
EndProject
Project("{FAE04EC0-301F-11D3-BF4B-00C04F79EFBC}") = "Unity.InputSystem", "Unity.InputSystem.csproj", "{F29CA6E3-CA21-E5A4-7ED9-139B2F438FD3}"
EndProject
Project("{FAE04EC0-301F-11D3-BF4B-00C04F79EFBC}") = "PPv2URPConverters", "PPv2URPConverters.csproj", "{AEF781BA-567C-6AB5-43EE-B88934DB3572}"
EndProject
Project("{FAE04EC0-301F-11D3-BF4B-00C04F79EFBC}") = "Unity.2D.Animation.Editor", "Unity.2D.Animation.Editor.csproj", "{00C03A05-5B3B-A28F-CE68-C6FC7A983CCF}"
EndProject
Project("{FAE04EC0-301F-11D3-BF4B-00C04F79EFBC}") = "Unity.Searcher.Editor", "Unity.Searcher.Editor.csproj", "{01D0518D-57D6-A820-8510-3D4D2C0DE688}"
EndProject
Project("{FAE04EC0-301F-11D3-BF4B-00C04F79EFBC}") = "Unity.2D.SpriteShape.Runtime", "Unity.2D.SpriteShape.Runtime.csproj", "{33EA7248-4770-3137-9EBD-792BB4D6A744}"
EndProject
Project("{FAE04EC0-301F-11D3-BF4B-00C04F79EFBC}") = "UnityEditor.TestRunner", "UnityEditor.TestRunner.csproj", "{47F9A879-8F4C-BC1E-D669-E1261CFA8DF2}"
EndProject
Project("{FAE04EC0-301F-11D3-BF4B-00C04F79EFBC}") = "Unity.VisualScripting.Core", "Unity.VisualScripting.Core.csproj", "{DC95D95F-2210-4319-5A59-CE6B72067429}"
EndProject
Project("{FAE04EC0-301F-11D3-BF4B-00C04F79EFBC}") = "Unity.RenderPipelines.Universal.Runtime", "Unity.RenderPipelines.Universal.Runtime.csproj", "{8A9C3D40-5A72-7931-BFBB-44E49C839697}"
EndProject
Project("{FAE04EC0-301F-11D3-BF4B-00C04F79EFBC}") = "Unity.CollabProxy.Editor", "Unity.CollabProxy.Editor.csproj", "{3CC499CD-2AEF-FFE4-95F2-1C45F7266285}"
EndProject
Project("{FAE04EC0-301F-11D3-BF4B-00C04F79EFBC}") = "Unity.VisualScripting.State.Editor", "Unity.VisualScripting.State.Editor.csproj", "{72B71B0D-A7B3-B02D-39B8-AD6FCC136B81}"
EndProject
Project("{FAE04EC0-301F-11D3-BF4B-00C04F79EFBC}") = "Unity.Burst.CodeGen", "Unity.Burst.CodeGen.csproj", "{4F956A6C-466E-8C21-B56F-5CB2044C6192}"
EndProject
Project("{FAE04EC0-301F-11D3-BF4B-00C04F79EFBC}") = "Unity.VisualScripting.Flow", "Unity.VisualScripting.Flow.csproj", "{B97AD9BD-8D7A-DB3D-37C5-CFF6B145022D}"
EndProject
Project("{FAE04EC0-301F-11D3-BF4B-00C04F79EFBC}") = "Unity.PerformanceTesting", "Unity.PerformanceTesting.csproj", "{D12D19E6-7D5E-0A40-90D5-6FE75958336E}"
EndProject
Project("{FAE04EC0-301F-11D3-BF4B-00C04F79EFBC}") = "Unity.2D.Tilemap.Extras.Editor", "Unity.2D.Tilemap.Extras.Editor.csproj", "{C77EE648-186C-9385-EAC8-FE498D53462B}"
EndProject
Project("{FAE04EC0-301F-11D3-BF4B-00C04F79EFBC}") = "Unity.TextMeshPro", "Unity.TextMeshPro.csproj", "{EAB944B4-12AF-9429-673D-6906B4F6B022}"
EndProject
Project("{FAE04EC0-301F-11D3-BF4B-00C04F79EFBC}") = "Unity.TextMeshPro.Editor", "Unity.TextMeshPro.Editor.csproj", "{035FDED2-B9BC-4E25-20F4-67997551FAD4}"
EndProject
Project("{FAE04EC0-301F-11D3-BF4B-00C04F79EFBC}") = "Unity.Rendering.LightTransport.Runtime", "Unity.Rendering.LightTransport.Runtime.csproj", "{59000922-7452-9ADC-F43D-E20177BFD8CF}"
EndProject
Project("{FAE04EC0-301F-11D3-BF4B-00C04F79EFBC}") = "PsdPlugin", "PsdPlugin.csproj", "{E3492CC1-6213-84DA-9730-16D121159419}"
EndProject
Project("{FAE04EC0-301F-11D3-BF4B-00C04F79EFBC}") = "Unity.2D.IK.Editor", "Unity.2D.IK.Editor.csproj", "{BFB53952-D1E7-ABAE-40EA-8904014BFE12}"
EndProject
Project("{FAE04EC0-301F-11D3-BF4B-00C04F79EFBC}") = "Unity.InternalAPIEngineBridge.001", "Unity.InternalAPIEngineBridge.001.csproj", "{3B40CC90-3210-79B7-FC15-FCA471AE855D}"
EndProject
Project("{FAE04EC0-301F-11D3-BF4B-00C04F79EFBC}") = "Unity.2D.Aseprite.Common", "Unity.2D.Aseprite.Common.csproj", "{385D4E63-604D-A842-AEAB-F3A3DD94FC67}"
EndProject
Project("{FAE04EC0-301F-11D3-BF4B-00C04F79EFBC}") = "Unity.Burst.Editor", "Unity.Burst.Editor.csproj", "{6F570553-6B2F-0F44-B43C-95407B7FA420}"
EndProject
Project("{FAE04EC0-301F-11D3-BF4B-00C04F79EFBC}") = "Unity.2D.Common.Path.Editor", "Unity.2D.Common.Path.Editor.csproj", "{BF2094B9-1B3E-520F-E60A-A86004400D25}"
EndProject
Project("{FAE04EC0-301F-11D3-BF4B-00C04F79EFBC}") = "Unity.2D.Common.Editor", "Unity.2D.Common.Editor.csproj", "{76E734C8-5CB7-E1A9-9627-391E7262F2A4}"
EndProject
Project("{FAE04EC0-301F-11D3-BF4B-00C04F79EFBC}") = "Unity.Rider.Editor", "Unity.Rider.Editor.csproj", "{E918E98E-168F-2172-7DD7-0708FA7C7D21}"
EndProject
Project("{FAE04EC0-301F-11D3-BF4B-00C04F79EFBC}") = "Unity.VisualScripting.State", "Unity.VisualScripting.State.csproj", "{9BF0E9ED-B2B9-CB18-A34F-AA15EAC48F8B}"
EndProject
Project("{FAE04EC0-301F-11D3-BF4B-00C04F79EFBC}") = "Unity.InternalAPIEditorBridge.001", "Unity.InternalAPIEditorBridge.001.csproj", "{15587C92-F7FB-AF8E-4E0E-DB7D375EC679}"
EndProject
Project("{FAE04EC0-301F-11D3-BF4B-00C04F79EFBC}") = "UnityEditor.UI", "UnityEditor.UI.csproj", "{E3FD3A06-B52C-9701-401C-322DDA15D43C}"
EndProject
Project("{FAE04EC0-301F-11D3-BF4B-00C04F79EFBC}") = "Unity.2D.PixelPerfect.Editor", "Unity.2D.PixelPerfect.Editor.csproj", "{16117FDE-87C1-5461-25B5-CE0B09F9691C}"
EndProject
Project("{FAE04EC0-301F-11D3-BF4B-00C04F79EFBC}") = "Unity.2D.Sprite.Editor", "Unity.2D.Sprite.Editor.csproj", "{B7943449-7F0A-49D5-921A-EB36CFB0E6AE}"
EndProject
Project("{FAE04EC0-301F-11D3-BF4B-00C04F79EFBC}") = "Unity.Multiplayer.Center.Common", "Unity.Multiplayer.Center.Common.csproj", "{3288E4C9-F0C0-3A91-60DF-D1059408BD40}"
EndProject
Project("{FAE04EC0-301F-11D3-BF4B-00C04F79EFBC}") = "Unity.InputSystem.ForUI", "Unity.InputSystem.ForUI.csproj", "{0CB542D0-6E25-8730-4063-9DDC690126C3}"
EndProject
Project("{FAE04EC0-301F-11D3-BF4B-00C04F79EFBC}") = "Unity.Collections.CodeGen", "Unity.Collections.CodeGen.csproj", "{B2FFF6F6-07CF-08CC-4961-C27482402427}"
EndProject
Project("{FAE04EC0-301F-11D3-BF4B-00C04F79EFBC}") = "Unity.2D.Tilemap.Extras", "Unity.2D.Tilemap.Extras.csproj", "{9251E302-4893-861C-A42A-A17030C2D36E}"
EndProject
Project("{FAE04EC0-301F-11D3-BF4B-00C04F79EFBC}") = "Unity.2D.Animation.Runtime", "Unity.2D.Animation.Runtime.csproj", "{F7B32FC5-AF66-A062-CB63-0DCE794FFC84}"
EndProject
Project("{FAE04EC0-301F-11D3-BF4B-00C04F79EFBC}") = "Unity.Mathematics.Editor", "Unity.Mathematics.Editor.csproj", "{674DC387-E75F-C27A-D536-7C8C3738D181}"
EndProject
Project("{FAE04EC0-301F-11D3-BF4B-00C04F79EFBC}") = "Unity.VisualScripting.SettingsProvider.Editor", "Unity.VisualScripting.SettingsProvider.Editor.csproj", "{0E3D1A67-FE49-C058-CD25-677743E93286}"
EndProject
Project("{FAE04EC0-301F-11D3-BF4B-00C04F79EFBC}") = "Unity.InputSystem.TestFramework", "Unity.InputSystem.TestFramework.csproj", "{70AF79D4-E7C9-16AB-D345-8CA98EAACD00}"
EndProject
Project("{FAE04EC0-301F-11D3-BF4B-00C04F79EFBC}") = "Unity.ShaderGraph.Utilities", "Unity.ShaderGraph.Utilities.csproj", "{07D64CB0-579B-F19D-6631-B9D4248A4FC4}"
EndProject
Project("{FAE04EC0-301F-11D3-BF4B-00C04F79EFBC}") = "Unity.VisualScripting.Shared.Editor", "Unity.VisualScripting.Shared.Editor.csproj", "{9F2E0362-21AD-3105-CA57-62ECD35B3CFB}"
EndProject
Project("{FAE04EC0-301F-11D3-BF4B-00C04F79EFBC}") = "Unity.RenderPipeline.Universal.ShaderLibrary", "Unity.RenderPipeline.Universal.ShaderLibrary.csproj", "{DF36E389-1184-C399-10D9-6201CA6D80BE}"
EndProject
Project("{FAE04EC0-301F-11D3-BF4B-00C04F79EFBC}") = "Unity.2D.Common.Runtime", "Unity.2D.Common.Runtime.csproj", "{875B599B-6F10-251D-A486-7E02B3425EE5}"
EndProject
Project("{FAE04EC0-301F-11D3-BF4B-00C04F79EFBC}") = "Unity.2D.PixelPerfect", "Unity.2D.PixelPerfect.csproj", "{82729563-33AA-4077-8E03-E3FD2E2E3363}"
EndProject
Project("{FAE04EC0-301F-11D3-BF4B-00C04F79EFBC}") = "Unity.Rendering.LightTransport.Editor", "Unity.Rendering.LightTransport.Editor.csproj", "{D42F67BD-EBF1-92EA-5EA5-4D2EC815A790}"
EndProject
Project("{FAE04EC0-301F-11D3-BF4B-00C04F79EFBC}") = "Unity.InputSystem.DocCodeSamples", "Unity.InputSystem.DocCodeSamples.csproj", "{65AF08E1-D241-A8F9-FE84-1BB3605FC6AE}"
EndProject
Project("{FAE04EC0-301F-11D3-BF4B-00C04F79EFBC}") = "Unity.RenderPipelines.Universal.Shaders", "Unity.RenderPipelines.Universal.Shaders.csproj", "{B7ACE9A9-DBB4-EBC0-1FF0-6C51156699C0}"
EndProject
Project("{FAE04EC0-301F-11D3-BF4B-00C04F79EFBC}") = "Assembly-CSharp", "Assembly-CSharp.csproj", "{FE51F59F-00CF-CE86-D857-5B8DACA995ED}"
EndProject
Project("{FAE04EC0-301F-11D3-BF4B-00C04F79EFBC}") = "Unity.RenderPipelines.Core.Runtime.Shared", "Unity.RenderPipelines.Core.Runtime.Shared.csproj", "{9C75FE4B-79BC-3553-D52A-B3B738DEF9F4}"
EndProject
Project("{FAE04EC0-301F-11D3-BF4B-00C04F79EFBC}") = "ScriptablePacker", "ScriptablePacker.csproj", "{09A63814-6431-C7B8-AE2B-D0F2847B2D2C}"
EndProject
Project("{FAE04EC0-301F-11D3-BF4B-00C04F79EFBC}") = "Unity.Collections.Editor", "Unity.Collections.Editor.csproj", "{FA3D888F-DCEF-9853-53F3-91207D4F9728}"
EndProject
Project("{FAE04EC0-301F-11D3-BF4B-00C04F79EFBC}") = "Unity.RenderPipelines.Universal.Config.Runtime", "Unity.RenderPipelines.Universal.Config.Runtime.csproj", "{F5D2DDAB-A98E-2744-7673-071B7D8FDCC0}"
EndProject
Project("{FAE04EC0-301F-11D3-BF4B-00C04F79EFBC}") = "Unity.RenderPipelines.ShaderGraph.ShaderGraphLibrary", "Unity.RenderPipelines.ShaderGraph.ShaderGraphLibrary.csproj", "{271B02A3-3FB1-90C3-1D7E-B227A9799683}"
EndProject
Project("{FAE04EC0-301F-11D3-BF4B-00C04F79EFBC}") = "Unity.RenderPipelines.Core.ShaderLibrary", "Unity.RenderPipelines.Core.ShaderLibrary.csproj", "{51326C4C-74E5-1D10-A80C-B6A6587F0A12}"
EndProject
Project("{FAE04EC0-301F-11D3-BF4B-00C04F79EFBC}") = "Unity.RenderPipelines.Core.Editor.Shared", "Unity.RenderPipelines.Core.Editor.Shared.csproj", "{43487791-BDE9-B4AA-BB0F-444FE0394792}"
EndProject
Project("{FAE04EC0-301F-11D3-BF4B-00C04F79EFBC}") = "Unity.Timeline", "Unity.Timeline.Player.csproj", "{8CFDE422-60E6-FEC3-C846-486776B1756A}"
EndProject
Project("{FAE04EC0-301F-11D3-BF4B-00C04F79EFBC}") = "Unity.RenderPipelines.GPUDriven.Runtime", "Unity.RenderPipelines.GPUDriven.Runtime.Player.csproj", "{3D5E7E2F-D465-C73A-9938-7D3A6AE6DE42}"
EndProject
Project("{FAE04EC0-301F-11D3-BF4B-00C04F79EFBC}") = "Unity.RenderPipelines.Core.Runtime", "Unity.RenderPipelines.Core.Runtime.Player.csproj", "{71DFD20A-6059-E778-3530-FD013FB366F0}"
EndProject
Project("{FAE04EC0-301F-11D3-BF4B-00C04F79EFBC}") = "Unity.Mathematics", "Unity.Mathematics.Player.csproj", "{2C26B377-2342-8031-FE55-D96749A26AA6}"
EndProject
Project("{FAE04EC0-301F-11D3-BF4B-00C04F79EFBC}") = "Unity.Collections", "Unity.Collections.Player.csproj", "{858C89D5-A8B1-B19A-1EDE-8175E87643A9}"
EndProject
Project("{FAE04EC0-301F-11D3-BF4B-00C04F79EFBC}") = "UnityEngine.UI", "UnityEngine.UI.Player.csproj", "{0715A4F8-3BDC-738F-8B1F-24C77B65FEBE}"
EndProject
Project("{FAE04EC0-301F-11D3-BF4B-00C04F79EFBC}") = "Unity.2D.IK.Runtime", "Unity.2D.IK.Runtime.Player.csproj", "{6985CFA9-41CC-D3FF-FCF0-6B66B071AF92}"
EndProject
Project("{FAE04EC0-301F-11D3-BF4B-00C04F79EFBC}") = "Unity.RenderPipelines.Universal.2D.Runtime", "Unity.RenderPipelines.Universal.2D.Runtime.Player.csproj", "{E1813AC9-2DA2-ED11-0CB5-D13D6341587A}"
EndProject
Project("{FAE04EC0-301F-11D3-BF4B-00C04F79EFBC}") = "UnityEngine.TestRunner", "UnityEngine.TestRunner.Player.csproj", "{B65155CB-1CE6-8E26-6052-391A4B59DACB}"
EndProject
Project("{FAE04EC0-301F-11D3-BF4B-00C04F79EFBC}") = "Unity.Burst", "Unity.Burst.Player.csproj", "{1D248434-561A-951E-7A3F-292F0624AECC}"
EndProject
Project("{FAE04EC0-301F-11D3-BF4B-00C04F79EFBC}") = "Unity.InputSystem", "Unity.InputSystem.Player.csproj", "{A472C679-B2DE-D3A4-DA98-28FE5BC36F55}"
EndProject
Project("{FAE04EC0-301F-11D3-BF4B-00C04F79EFBC}") = "Unity.2D.SpriteShape.Runtime", "Unity.2D.SpriteShape.Runtime.Player.csproj", "{8F9D2EE5-DB94-FC0A-A3D7-95AAE2AB6F4A}"
EndProject
Project("{FAE04EC0-301F-11D3-BF4B-00C04F79EFBC}") = "Unity.VisualScripting.Core", "Unity.VisualScripting.Core.Player.csproj", "{F3FC91D1-92C7-7A09-5634-1C798D16FC9B}"
EndProject
Project("{FAE04EC0-301F-11D3-BF4B-00C04F79EFBC}") = "Unity.RenderPipelines.Universal.Runtime", "Unity.RenderPipelines.Universal.Runtime.Player.csproj", "{4AF08005-7608-91DF-BEBB-AB43153F6C9C}"
EndProject
Project("{FAE04EC0-301F-11D3-BF4B-00C04F79EFBC}") = "Unity.VisualScripting.Flow", "Unity.VisualScripting.Flow.Player.csproj", "{B2550746-C082-51B0-F265-C030B9D7C92F}"
EndProject
Project("{FAE04EC0-301F-11D3-BF4B-00C04F79EFBC}") = "Unity.PerformanceTesting", "Unity.PerformanceTesting.Player.csproj", "{43978C1B-E2DD-2FD5-2C09-247866FD0D52}"
EndProject
Project("{FAE04EC0-301F-11D3-BF4B-00C04F79EFBC}") = "Unity.TextMeshPro", "Unity.TextMeshPro.Player.csproj", "{4E3720F5-8555-5E62-3701-8F140C9AB6E7}"
EndProject
Project("{FAE04EC0-301F-11D3-BF4B-00C04F79EFBC}") = "Unity.Rendering.LightTransport.Runtime", "Unity.Rendering.LightTransport.Runtime.Player.csproj", "{5E37C385-5C2A-5313-580A-67C60C7ADE7D}"
EndProject
Project("{FAE04EC0-301F-11D3-BF4B-00C04F79EFBC}") = "Unity.InternalAPIEngineBridge.001", "Unity.InternalAPIEngineBridge.001.Player.csproj", "{101DED20-DC23-D98B-35EB-C68BDA8F1F26}"
EndProject
Project("{FAE04EC0-301F-11D3-BF4B-00C04F79EFBC}") = "Unity.VisualScripting.State", "Unity.VisualScripting.State.Player.csproj", "{9CB800BF-E519-3E99-8F4E-3FC476B4F595}"
EndProject
Project("{FAE04EC0-301F-11D3-BF4B-00C04F79EFBC}") = "Unity.Multiplayer.Center.Common", "Unity.Multiplayer.Center.Common.Player.csproj", "{F981DECA-AD23-1A28-DE7D-12E684E20BC7}"
EndProject
Project("{FAE04EC0-301F-11D3-BF4B-00C04F79EFBC}") = "Unity.InputSystem.ForUI", "Unity.InputSystem.ForUI.Player.csproj", "{108FF8C8-044A-37D5-DC15-98D91BD64854}"
EndProject
Project("{FAE04EC0-301F-11D3-BF4B-00C04F79EFBC}") = "Unity.2D.Tilemap.Extras", "Unity.2D.Tilemap.Extras.Player.csproj", "{8AB2E138-3AA4-37F9-1BBD-EAAB4AA73FDE}"
EndProject
Project("{FAE04EC0-301F-11D3-BF4B-00C04F79EFBC}") = "Unity.2D.Animation.Runtime", "Unity.2D.Animation.Runtime.Player.csproj", "{FE850F56-9FCD-A914-37F9-0C3FBF2867A6}"
EndProject
Project("{FAE04EC0-301F-11D3-BF4B-00C04F79EFBC}") = "Unity.InputSystem.TestFramework", "Unity.InputSystem.TestFramework.Player.csproj", "{9AE54A9C-68A9-445A-A942-E0CF252F2F20}"
EndProject
Project("{FAE04EC0-301F-11D3-BF4B-00C04F79EFBC}") = "Unity.RenderPipeline.Universal.ShaderLibrary", "Unity.RenderPipeline.Universal.ShaderLibrary.Player.csproj", "{A4FE9BC1-856E-3383-99A0-60244C2F4773}"
EndProject
Project("{FAE04EC0-301F-11D3-BF4B-00C04F79EFBC}") = "Unity.2D.Common.Runtime", "Unity.2D.Common.Runtime.Player.csproj", "{2A04B280-1D65-3F40-7722-75E912BD9ABB}"
EndProject
Project("{FAE04EC0-301F-11D3-BF4B-00C04F79EFBC}") = "Unity.2D.PixelPerfect", "Unity.2D.PixelPerfect.Player.csproj", "{4174001E-FF8F-C2AD-4A30-0E56038F6449}"
EndProject
Project("{FAE04EC0-301F-11D3-BF4B-00C04F79EFBC}") = "Unity.RenderPipelines.Universal.Shaders", "Unity.RenderPipelines.Universal.Shaders.Player.csproj", "{C3AC4FBD-73A8-E56D-AF3C-5165045DC78C}"
EndProject
Project("{FAE04EC0-301F-11D3-BF4B-00C04F79EFBC}") = "Assembly-CSharp", "Assembly-CSharp.Player.csproj", "{3598DFF0-7829-A76B-9C83-2F08135CD2B8}"
EndProject
Project("{FAE04EC0-301F-11D3-BF4B-00C04F79EFBC}") = "Unity.RenderPipelines.Core.Runtime.Shared", "Unity.RenderPipelines.Core.Runtime.Shared.Player.csproj", "{F966DCB0-5748-7B25-7186-9262CA8A473F}"
EndProject
Project("{FAE04EC0-301F-11D3-BF4B-00C04F79EFBC}") = "Unity.RenderPipelines.Universal.Config.Runtime", "Unity.RenderPipelines.Universal.Config.Runtime.Player.csproj", "{E105F811-3497-A8E8-FD9A-50CB2FD5AE48}"
EndProject
Project("{FAE04EC0-301F-11D3-BF4B-00C04F79EFBC}") = "Unity.RenderPipelines.ShaderGraph.ShaderGraphLibrary", "Unity.RenderPipelines.ShaderGraph.ShaderGraphLibrary.Player.csproj", "{A9C9A18C-1FBA-C725-34BF-7DA88F15411A}"
EndProject
Project("{FAE04EC0-301F-11D3-BF4B-00C04F79EFBC}") = "Unity.RenderPipelines.Core.ShaderLibrary", "Unity.RenderPipelines.Core.ShaderLibrary.Player.csproj", "{2C5D336A-474A-3EB5-55C7-237CE3ADE262}"
EndProject
Global
	GlobalSection(SolutionConfigurationPlatforms) = preSolution
		Debug|Any CPU = Debug|Any CPU
		Release|Any CPU = Release|Any CPU
	EndGlobalSection
	GlobalSection(ProjectConfigurationPlatforms) = postSolution
		{ADF8C372-01F2-0F71-7B2C-811664BF8BDD}.Debug|Any CPU.ActiveCfg = Debug|Any CPU
		{ADF8C372-01F2-0F71-7B2C-811664BF8BDD}.Debug|Any CPU.Build.0 = Debug|Any CPU
		{ADF8C372-01F2-0F71-7B2C-811664BF8BDD}.Release|Any CPU.ActiveCfg = Release|Any CPU
		{ADF8C372-01F2-0F71-7B2C-811664BF8BDD}.Release|Any CPU.Build.0 = Release|Any CPU
		{528A2689-A184-0F36-098C-6777E6E2066B}.Debug|Any CPU.ActiveCfg = Debug|Any CPU
		{528A2689-A184-0F36-098C-6777E6E2066B}.Debug|Any CPU.Build.0 = Debug|Any CPU
		{528A2689-A184-0F36-098C-6777E6E2066B}.Release|Any CPU.ActiveCfg = Release|Any CPU
		{528A2689-A184-0F36-098C-6777E6E2066B}.Release|Any CPU.Build.0 = Release|Any CPU
		{A91ACAA9-0388-B9AF-B8B2-FA9E1175FACD}.Debug|Any CPU.ActiveCfg = Debug|Any CPU
		{A91ACAA9-0388-B9AF-B8B2-FA9E1175FACD}.Debug|Any CPU.Build.0 = Debug|Any CPU
		{A91ACAA9-0388-B9AF-B8B2-FA9E1175FACD}.Release|Any CPU.ActiveCfg = Release|Any CPU
		{A91ACAA9-0388-B9AF-B8B2-FA9E1175FACD}.Release|Any CPU.Build.0 = Release|Any CPU
		{95D06C6C-4320-E6AB-F65C-7091A0A4DD96}.Debug|Any CPU.ActiveCfg = Debug|Any CPU
		{95D06C6C-4320-E6AB-F65C-7091A0A4DD96}.Debug|Any CPU.Build.0 = Debug|Any CPU
		{95D06C6C-4320-E6AB-F65C-7091A0A4DD96}.Release|Any CPU.ActiveCfg = Release|Any CPU
		{95D06C6C-4320-E6AB-F65C-7091A0A4DD96}.Release|Any CPU.Build.0 = Release|Any CPU
		{39804BC4-BCC3-40CA-B277-65406D8CDF4E}.Debug|Any CPU.ActiveCfg = Debug|Any CPU
		{39804BC4-BCC3-40CA-B277-65406D8CDF4E}.Debug|Any CPU.Build.0 = Debug|Any CPU
		{39804BC4-BCC3-40CA-B277-65406D8CDF4E}.Release|Any CPU.ActiveCfg = Release|Any CPU
		{39804BC4-BCC3-40CA-B277-65406D8CDF4E}.Release|Any CPU.Build.0 = Release|Any CPU
		{75EEBCFE-00F2-DFAA-039D-45A002B6241B}.Debug|Any CPU.ActiveCfg = Debug|Any CPU
		{75EEBCFE-00F2-DFAA-039D-45A002B6241B}.Debug|Any CPU.Build.0 = Debug|Any CPU
		{75EEBCFE-00F2-DFAA-039D-45A002B6241B}.Release|Any CPU.ActiveCfg = Release|Any CPU
		{75EEBCFE-00F2-DFAA-039D-45A002B6241B}.Release|Any CPU.Build.0 = Release|Any CPU
		{879A5FB7-FEB7-73E1-23B0-12AC1A34EFF4}.Debug|Any CPU.ActiveCfg = Debug|Any CPU
		{879A5FB7-FEB7-73E1-23B0-12AC1A34EFF4}.Debug|Any CPU.Build.0 = Debug|Any CPU
		{879A5FB7-FEB7-73E1-23B0-12AC1A34EFF4}.Release|Any CPU.ActiveCfg = Release|Any CPU
		{879A5FB7-FEB7-73E1-23B0-12AC1A34EFF4}.Release|Any CPU.Build.0 = Release|Any CPU
		{2B9C05AF-1495-3B28-1176-077800F133A6}.Debug|Any CPU.ActiveCfg = Debug|Any CPU
		{2B9C05AF-1495-3B28-1176-077800F133A6}.Debug|Any CPU.Build.0 = Debug|Any CPU
		{2B9C05AF-1495-3B28-1176-077800F133A6}.Release|Any CPU.ActiveCfg = Release|Any CPU
		{2B9C05AF-1495-3B28-1176-077800F133A6}.Release|Any CPU.Build.0 = Release|Any CPU
		{C26C2ABE-5CF1-1E59-354F-7D73EE9B6557}.Debug|Any CPU.ActiveCfg = Debug|Any CPU
		{C26C2ABE-5CF1-1E59-354F-7D73EE9B6557}.Debug|Any CPU.Build.0 = Debug|Any CPU
		{C26C2ABE-5CF1-1E59-354F-7D73EE9B6557}.Release|Any CPU.ActiveCfg = Release|Any CPU
		{C26C2ABE-5CF1-1E59-354F-7D73EE9B6557}.Release|Any CPU.Build.0 = Release|Any CPU
		{945798D3-7EC8-88E3-45F1-09F985A1470C}.Debug|Any CPU.ActiveCfg = Debug|Any CPU
		{945798D3-7EC8-88E3-45F1-09F985A1470C}.Debug|Any CPU.Build.0 = Debug|Any CPU
		{945798D3-7EC8-88E3-45F1-09F985A1470C}.Release|Any CPU.ActiveCfg = Release|Any CPU
		{945798D3-7EC8-88E3-45F1-09F985A1470C}.Release|Any CPU.Build.0 = Release|Any CPU
		{60B2ECD4-611C-4346-F4B8-526B73BC8CDF}.Debug|Any CPU.ActiveCfg = Debug|Any CPU
		{60B2ECD4-611C-4346-F4B8-526B73BC8CDF}.Debug|Any CPU.Build.0 = Debug|Any CPU
		{60B2ECD4-611C-4346-F4B8-526B73BC8CDF}.Release|Any CPU.ActiveCfg = Release|Any CPU
		{60B2ECD4-611C-4346-F4B8-526B73BC8CDF}.Release|Any CPU.Build.0 = Release|Any CPU
		{F6C2D342-273F-D470-7608-2DC464F1EC11}.Debug|Any CPU.ActiveCfg = Debug|Any CPU
		{F6C2D342-273F-D470-7608-2DC464F1EC11}.Debug|Any CPU.Build.0 = Debug|Any CPU
		{F6C2D342-273F-D470-7608-2DC464F1EC11}.Release|Any CPU.ActiveCfg = Release|Any CPU
		{F6C2D342-273F-D470-7608-2DC464F1EC11}.Release|Any CPU.Build.0 = Release|Any CPU
		{7B2FF8BD-8E8F-E2DB-DCD7-5D7F0E186DB2}.Debug|Any CPU.ActiveCfg = Debug|Any CPU
		{7B2FF8BD-8E8F-E2DB-DCD7-5D7F0E186DB2}.Debug|Any CPU.Build.0 = Debug|Any CPU
		{7B2FF8BD-8E8F-E2DB-DCD7-5D7F0E186DB2}.Release|Any CPU.ActiveCfg = Release|Any CPU
		{7B2FF8BD-8E8F-E2DB-DCD7-5D7F0E186DB2}.Release|Any CPU.Build.0 = Release|Any CPU
		{318D0427-4401-149A-997E-1519B26C5DD0}.Debug|Any CPU.ActiveCfg = Debug|Any CPU
		{318D0427-4401-149A-997E-1519B26C5DD0}.Debug|Any CPU.Build.0 = Debug|Any CPU
		{318D0427-4401-149A-997E-1519B26C5DD0}.Release|Any CPU.ActiveCfg = Release|Any CPU
		{318D0427-4401-149A-997E-1519B26C5DD0}.Release|Any CPU.Build.0 = Release|Any CPU
		{5A28B334-6948-41B9-39E5-51E4D4B9C7BD}.Debug|Any CPU.ActiveCfg = Debug|Any CPU
		{5A28B334-6948-41B9-39E5-51E4D4B9C7BD}.Debug|Any CPU.Build.0 = Debug|Any CPU
		{5A28B334-6948-41B9-39E5-51E4D4B9C7BD}.Release|Any CPU.ActiveCfg = Release|Any CPU
		{5A28B334-6948-41B9-39E5-51E4D4B9C7BD}.Release|Any CPU.Build.0 = Release|Any CPU
		{4A124137-FA91-F259-ACC4-4A46433307D3}.Debug|Any CPU.ActiveCfg = Debug|Any CPU
		{4A124137-FA91-F259-ACC4-4A46433307D3}.Debug|Any CPU.Build.0 = Debug|Any CPU
		{4A124137-FA91-F259-ACC4-4A46433307D3}.Release|Any CPU.ActiveCfg = Release|Any CPU
		{4A124137-FA91-F259-ACC4-4A46433307D3}.Release|Any CPU.Build.0 = Release|Any CPU
		{BA26856B-1E93-37CD-BC0E-88289B2AB32F}.Debug|Any CPU.ActiveCfg = Debug|Any CPU
		{BA26856B-1E93-37CD-BC0E-88289B2AB32F}.Debug|Any CPU.Build.0 = Debug|Any CPU
		{BA26856B-1E93-37CD-BC0E-88289B2AB32F}.Release|Any CPU.ActiveCfg = Release|Any CPU
		{BA26856B-1E93-37CD-BC0E-88289B2AB32F}.Release|Any CPU.Build.0 = Release|Any CPU
		{6A946036-D437-C77E-253E-EC152D6B5501}.Debug|Any CPU.ActiveCfg = Debug|Any CPU
		{6A946036-D437-C77E-253E-EC152D6B5501}.Debug|Any CPU.Build.0 = Debug|Any CPU
		{6A946036-D437-C77E-253E-EC152D6B5501}.Release|Any CPU.ActiveCfg = Release|Any CPU
		{6A946036-D437-C77E-253E-EC152D6B5501}.Release|Any CPU.Build.0 = Release|Any CPU
		{43498223-36D0-5D8A-0134-A31F75D6A3C7}.Debug|Any CPU.ActiveCfg = Debug|Any CPU
		{43498223-36D0-5D8A-0134-A31F75D6A3C7}.Debug|Any CPU.Build.0 = Debug|Any CPU
		{43498223-36D0-5D8A-0134-A31F75D6A3C7}.Release|Any CPU.ActiveCfg = Release|Any CPU
		{43498223-36D0-5D8A-0134-A31F75D6A3C7}.Release|Any CPU.Build.0 = Release|Any CPU
		{3981EA11-AA43-BC46-EDBE-60FFE445613A}.Debug|Any CPU.ActiveCfg = Debug|Any CPU
		{3981EA11-AA43-BC46-EDBE-60FFE445613A}.Debug|Any CPU.Build.0 = Debug|Any CPU
		{3981EA11-AA43-BC46-EDBE-60FFE445613A}.Release|Any CPU.ActiveCfg = Release|Any CPU
		{3981EA11-AA43-BC46-EDBE-60FFE445613A}.Release|Any CPU.Build.0 = Release|Any CPU
		{127259AA-6E7A-EE2C-D746-A4779AF6A1FF}.Debug|Any CPU.ActiveCfg = Debug|Any CPU
		{127259AA-6E7A-EE2C-D746-A4779AF6A1FF}.Debug|Any CPU.Build.0 = Debug|Any CPU
		{127259AA-6E7A-EE2C-D746-A4779AF6A1FF}.Release|Any CPU.ActiveCfg = Release|Any CPU
		{127259AA-6E7A-EE2C-D746-A4779AF6A1FF}.Release|Any CPU.Build.0 = Release|Any CPU
		{D6C25DD3-8366-CF92-F7A1-E77D3037A531}.Debug|Any CPU.ActiveCfg = Debug|Any CPU
		{D6C25DD3-8366-CF92-F7A1-E77D3037A531}.Debug|Any CPU.Build.0 = Debug|Any CPU
		{D6C25DD3-8366-CF92-F7A1-E77D3037A531}.Release|Any CPU.ActiveCfg = Release|Any CPU
		{D6C25DD3-8366-CF92-F7A1-E77D3037A531}.Release|Any CPU.Build.0 = Release|Any CPU
		{6A42D73C-132B-59A7-40E9-655014D3AA6D}.Debug|Any CPU.ActiveCfg = Debug|Any CPU
		{6A42D73C-132B-59A7-40E9-655014D3AA6D}.Debug|Any CPU.Build.0 = Debug|Any CPU
		{6A42D73C-132B-59A7-40E9-655014D3AA6D}.Release|Any CPU.ActiveCfg = Release|Any CPU
		{6A42D73C-132B-59A7-40E9-655014D3AA6D}.Release|Any CPU.Build.0 = Release|Any CPU
		{D0B50EC4-E719-E8A3-2A92-84D912FFEDD2}.Debug|Any CPU.ActiveCfg = Debug|Any CPU
		{D0B50EC4-E719-E8A3-2A92-84D912FFEDD2}.Debug|Any CPU.Build.0 = Debug|Any CPU
		{D0B50EC4-E719-E8A3-2A92-84D912FFEDD2}.Release|Any CPU.ActiveCfg = Release|Any CPU
		{D0B50EC4-E719-E8A3-2A92-84D912FFEDD2}.Release|Any CPU.Build.0 = Release|Any CPU
		{F29CA6E3-CA21-E5A4-7ED9-139B2F438FD3}.Debug|Any CPU.ActiveCfg = Debug|Any CPU
		{F29CA6E3-CA21-E5A4-7ED9-139B2F438FD3}.Debug|Any CPU.Build.0 = Debug|Any CPU
		{F29CA6E3-CA21-E5A4-7ED9-139B2F438FD3}.Release|Any CPU.ActiveCfg = Release|Any CPU
		{F29CA6E3-CA21-E5A4-7ED9-139B2F438FD3}.Release|Any CPU.Build.0 = Release|Any CPU
		{AEF781BA-567C-6AB5-43EE-B88934DB3572}.Debug|Any CPU.ActiveCfg = Debug|Any CPU
		{AEF781BA-567C-6AB5-43EE-B88934DB3572}.Debug|Any CPU.Build.0 = Debug|Any CPU
		{AEF781BA-567C-6AB5-43EE-B88934DB3572}.Release|Any CPU.ActiveCfg = Release|Any CPU
		{AEF781BA-567C-6AB5-43EE-B88934DB3572}.Release|Any CPU.Build.0 = Release|Any CPU
		{00C03A05-5B3B-A28F-CE68-C6FC7A983CCF}.Debug|Any CPU.ActiveCfg = Debug|Any CPU
		{00C03A05-5B3B-A28F-CE68-C6FC7A983CCF}.Debug|Any CPU.Build.0 = Debug|Any CPU
		{00C03A05-5B3B-A28F-CE68-C6FC7A983CCF}.Release|Any CPU.ActiveCfg = Release|Any CPU
		{00C03A05-5B3B-A28F-CE68-C6FC7A983CCF}.Release|Any CPU.Build.0 = Release|Any CPU
		{01D0518D-57D6-A820-8510-3D4D2C0DE688}.Debug|Any CPU.ActiveCfg = Debug|Any CPU
		{01D0518D-57D6-A820-8510-3D4D2C0DE688}.Debug|Any CPU.Build.0 = Debug|Any CPU
		{01D0518D-57D6-A820-8510-3D4D2C0DE688}.Release|Any CPU.ActiveCfg = Release|Any CPU
		{01D0518D-57D6-A820-8510-3D4D2C0DE688}.Release|Any CPU.Build.0 = Release|Any CPU
		{33EA7248-4770-3137-9EBD-792BB4D6A744}.Debug|Any CPU.ActiveCfg = Debug|Any CPU
		{33EA7248-4770-3137-9EBD-792BB4D6A744}.Debug|Any CPU.Build.0 = Debug|Any CPU
		{33EA7248-4770-3137-9EBD-792BB4D6A744}.Release|Any CPU.ActiveCfg = Release|Any CPU
		{33EA7248-4770-3137-9EBD-792BB4D6A744}.Release|Any CPU.Build.0 = Release|Any CPU
		{47F9A879-8F4C-BC1E-D669-E1261CFA8DF2}.Debug|Any CPU.ActiveCfg = Debug|Any CPU
		{47F9A879-8F4C-BC1E-D669-E1261CFA8DF2}.Debug|Any CPU.Build.0 = Debug|Any CPU
		{47F9A879-8F4C-BC1E-D669-E1261CFA8DF2}.Release|Any CPU.ActiveCfg = Release|Any CPU
		{47F9A879-8F4C-BC1E-D669-E1261CFA8DF2}.Release|Any CPU.Build.0 = Release|Any CPU
		{DC95D95F-2210-4319-5A59-CE6B72067429}.Debug|Any CPU.ActiveCfg = Debug|Any CPU
		{DC95D95F-2210-4319-5A59-CE6B72067429}.Debug|Any CPU.Build.0 = Debug|Any CPU
		{DC95D95F-2210-4319-5A59-CE6B72067429}.Release|Any CPU.ActiveCfg = Release|Any CPU
		{DC95D95F-2210-4319-5A59-CE6B72067429}.Release|Any CPU.Build.0 = Release|Any CPU
		{8A9C3D40-5A72-7931-BFBB-44E49C839697}.Debug|Any CPU.ActiveCfg = Debug|Any CPU
		{8A9C3D40-5A72-7931-BFBB-44E49C839697}.Debug|Any CPU.Build.0 = Debug|Any CPU
		{8A9C3D40-5A72-7931-BFBB-44E49C839697}.Release|Any CPU.ActiveCfg = Release|Any CPU
		{8A9C3D40-5A72-7931-BFBB-44E49C839697}.Release|Any CPU.Build.0 = Release|Any CPU
		{3CC499CD-2AEF-FFE4-95F2-1C45F7266285}.Debug|Any CPU.ActiveCfg = Debug|Any CPU
		{3CC499CD-2AEF-FFE4-95F2-1C45F7266285}.Debug|Any CPU.Build.0 = Debug|Any CPU
		{3CC499CD-2AEF-FFE4-95F2-1C45F7266285}.Release|Any CPU.ActiveCfg = Release|Any CPU
		{3CC499CD-2AEF-FFE4-95F2-1C45F7266285}.Release|Any CPU.Build.0 = Release|Any CPU
		{72B71B0D-A7B3-B02D-39B8-AD6FCC136B81}.Debug|Any CPU.ActiveCfg = Debug|Any CPU
		{72B71B0D-A7B3-B02D-39B8-AD6FCC136B81}.Debug|Any CPU.Build.0 = Debug|Any CPU
		{72B71B0D-A7B3-B02D-39B8-AD6FCC136B81}.Release|Any CPU.ActiveCfg = Release|Any CPU
		{72B71B0D-A7B3-B02D-39B8-AD6FCC136B81}.Release|Any CPU.Build.0 = Release|Any CPU
		{4F956A6C-466E-8C21-B56F-5CB2044C6192}.Debug|Any CPU.ActiveCfg = Debug|Any CPU
		{4F956A6C-466E-8C21-B56F-5CB2044C6192}.Debug|Any CPU.Build.0 = Debug|Any CPU
		{4F956A6C-466E-8C21-B56F-5CB2044C6192}.Release|Any CPU.ActiveCfg = Release|Any CPU
		{4F956A6C-466E-8C21-B56F-5CB2044C6192}.Release|Any CPU.Build.0 = Release|Any CPU
		{B97AD9BD-8D7A-DB3D-37C5-CFF6B145022D}.Debug|Any CPU.ActiveCfg = Debug|Any CPU
		{B97AD9BD-8D7A-DB3D-37C5-CFF6B145022D}.Debug|Any CPU.Build.0 = Debug|Any CPU
		{B97AD9BD-8D7A-DB3D-37C5-CFF6B145022D}.Release|Any CPU.ActiveCfg = Release|Any CPU
		{B97AD9BD-8D7A-DB3D-37C5-CFF6B145022D}.Release|Any CPU.Build.0 = Release|Any CPU
		{D12D19E6-7D5E-0A40-90D5-6FE75958336E}.Debug|Any CPU.ActiveCfg = Debug|Any CPU
		{D12D19E6-7D5E-0A40-90D5-6FE75958336E}.Debug|Any CPU.Build.0 = Debug|Any CPU
		{D12D19E6-7D5E-0A40-90D5-6FE75958336E}.Release|Any CPU.ActiveCfg = Release|Any CPU
		{D12D19E6-7D5E-0A40-90D5-6FE75958336E}.Release|Any CPU.Build.0 = Release|Any CPU
		{C77EE648-186C-9385-EAC8-FE498D53462B}.Debug|Any CPU.ActiveCfg = Debug|Any CPU
		{C77EE648-186C-9385-EAC8-FE498D53462B}.Debug|Any CPU.Build.0 = Debug|Any CPU
		{C77EE648-186C-9385-EAC8-FE498D53462B}.Release|Any CPU.ActiveCfg = Release|Any CPU
		{C77EE648-186C-9385-EAC8-FE498D53462B}.Release|Any CPU.Build.0 = Release|Any CPU
		{EAB944B4-12AF-9429-673D-6906B4F6B022}.Debug|Any CPU.ActiveCfg = Debug|Any CPU
		{EAB944B4-12AF-9429-673D-6906B4F6B022}.Debug|Any CPU.Build.0 = Debug|Any CPU
		{EAB944B4-12AF-9429-673D-6906B4F6B022}.Release|Any CPU.ActiveCfg = Release|Any CPU
		{EAB944B4-12AF-9429-673D-6906B4F6B022}.Release|Any CPU.Build.0 = Release|Any CPU
		{035FDED2-B9BC-4E25-20F4-67997551FAD4}.Debug|Any CPU.ActiveCfg = Debug|Any CPU
		{035FDED2-B9BC-4E25-20F4-67997551FAD4}.Debug|Any CPU.Build.0 = Debug|Any CPU
		{035FDED2-B9BC-4E25-20F4-67997551FAD4}.Release|Any CPU.ActiveCfg = Release|Any CPU
		{035FDED2-B9BC-4E25-20F4-67997551FAD4}.Release|Any CPU.Build.0 = Release|Any CPU
		{59000922-7452-9ADC-F43D-E20177BFD8CF}.Debug|Any CPU.ActiveCfg = Debug|Any CPU
		{59000922-7452-9ADC-F43D-E20177BFD8CF}.Debug|Any CPU.Build.0 = Debug|Any CPU
		{59000922-7452-9ADC-F43D-E20177BFD8CF}.Release|Any CPU.ActiveCfg = Release|Any CPU
		{59000922-7452-9ADC-F43D-E20177BFD8CF}.Release|Any CPU.Build.0 = Release|Any CPU
		{E3492CC1-6213-84DA-9730-16D121159419}.Debug|Any CPU.ActiveCfg = Debug|Any CPU
		{E3492CC1-6213-84DA-9730-16D121159419}.Debug|Any CPU.Build.0 = Debug|Any CPU
		{E3492CC1-6213-84DA-9730-16D121159419}.Release|Any CPU.ActiveCfg = Release|Any CPU
		{E3492CC1-6213-84DA-9730-16D121159419}.Release|Any CPU.Build.0 = Release|Any CPU
		{BFB53952-D1E7-ABAE-40EA-8904014BFE12}.Debug|Any CPU.ActiveCfg = Debug|Any CPU
		{BFB53952-D1E7-ABAE-40EA-8904014BFE12}.Debug|Any CPU.Build.0 = Debug|Any CPU
		{BFB53952-D1E7-ABAE-40EA-8904014BFE12}.Release|Any CPU.ActiveCfg = Release|Any CPU
		{BFB53952-D1E7-ABAE-40EA-8904014BFE12}.Release|Any CPU.Build.0 = Release|Any CPU
		{3B40CC90-3210-79B7-FC15-FCA471AE855D}.Debug|Any CPU.ActiveCfg = Debug|Any CPU
		{3B40CC90-3210-79B7-FC15-FCA471AE855D}.Debug|Any CPU.Build.0 = Debug|Any CPU
		{3B40CC90-3210-79B7-FC15-FCA471AE855D}.Release|Any CPU.ActiveCfg = Release|Any CPU
		{3B40CC90-3210-79B7-FC15-FCA471AE855D}.Release|Any CPU.Build.0 = Release|Any CPU
		{385D4E63-604D-A842-AEAB-F3A3DD94FC67}.Debug|Any CPU.ActiveCfg = Debug|Any CPU
		{385D4E63-604D-A842-AEAB-F3A3DD94FC67}.Debug|Any CPU.Build.0 = Debug|Any CPU
		{385D4E63-604D-A842-AEAB-F3A3DD94FC67}.Release|Any CPU.ActiveCfg = Release|Any CPU
		{385D4E63-604D-A842-AEAB-F3A3DD94FC67}.Release|Any CPU.Build.0 = Release|Any CPU
		{6F570553-6B2F-0F44-B43C-95407B7FA420}.Debug|Any CPU.ActiveCfg = Debug|Any CPU
		{6F570553-6B2F-0F44-B43C-95407B7FA420}.Debug|Any CPU.Build.0 = Debug|Any CPU
		{6F570553-6B2F-0F44-B43C-95407B7FA420}.Release|Any CPU.ActiveCfg = Release|Any CPU
		{6F570553-6B2F-0F44-B43C-95407B7FA420}.Release|Any CPU.Build.0 = Release|Any CPU
		{BF2094B9-1B3E-520F-E60A-A86004400D25}.Debug|Any CPU.ActiveCfg = Debug|Any CPU
		{BF2094B9-1B3E-520F-E60A-A86004400D25}.Debug|Any CPU.Build.0 = Debug|Any CPU
		{BF2094B9-1B3E-520F-E60A-A86004400D25}.Release|Any CPU.ActiveCfg = Release|Any CPU
		{BF2094B9-1B3E-520F-E60A-A86004400D25}.Release|Any CPU.Build.0 = Release|Any CPU
		{76E734C8-5CB7-E1A9-9627-391E7262F2A4}.Debug|Any CPU.ActiveCfg = Debug|Any CPU
		{76E734C8-5CB7-E1A9-9627-391E7262F2A4}.Debug|Any CPU.Build.0 = Debug|Any CPU
		{76E734C8-5CB7-E1A9-9627-391E7262F2A4}.Release|Any CPU.ActiveCfg = Release|Any CPU
		{76E734C8-5CB7-E1A9-9627-391E7262F2A4}.Release|Any CPU.Build.0 = Release|Any CPU
		{E918E98E-168F-2172-7DD7-0708FA7C7D21}.Debug|Any CPU.ActiveCfg = Debug|Any CPU
		{E918E98E-168F-2172-7DD7-0708FA7C7D21}.Debug|Any CPU.Build.0 = Debug|Any CPU
		{E918E98E-168F-2172-7DD7-0708FA7C7D21}.Release|Any CPU.ActiveCfg = Release|Any CPU
		{E918E98E-168F-2172-7DD7-0708FA7C7D21}.Release|Any CPU.Build.0 = Release|Any CPU
		{9BF0E9ED-B2B9-CB18-A34F-AA15EAC48F8B}.Debug|Any CPU.ActiveCfg = Debug|Any CPU
		{9BF0E9ED-B2B9-CB18-A34F-AA15EAC48F8B}.Debug|Any CPU.Build.0 = Debug|Any CPU
		{9BF0E9ED-B2B9-CB18-A34F-AA15EAC48F8B}.Release|Any CPU.ActiveCfg = Release|Any CPU
		{9BF0E9ED-B2B9-CB18-A34F-AA15EAC48F8B}.Release|Any CPU.Build.0 = Release|Any CPU
		{15587C92-F7FB-AF8E-4E0E-DB7D375EC679}.Debug|Any CPU.ActiveCfg = Debug|Any CPU
		{15587C92-F7FB-AF8E-4E0E-DB7D375EC679}.Debug|Any CPU.Build.0 = Debug|Any CPU
		{15587C92-F7FB-AF8E-4E0E-DB7D375EC679}.Release|Any CPU.ActiveCfg = Release|Any CPU
		{15587C92-F7FB-AF8E-4E0E-DB7D375EC679}.Release|Any CPU.Build.0 = Release|Any CPU
		{E3FD3A06-B52C-9701-401C-322DDA15D43C}.Debug|Any CPU.ActiveCfg = Debug|Any CPU
		{E3FD3A06-B52C-9701-401C-322DDA15D43C}.Debug|Any CPU.Build.0 = Debug|Any CPU
		{E3FD3A06-B52C-9701-401C-322DDA15D43C}.Release|Any CPU.ActiveCfg = Release|Any CPU
		{E3FD3A06-B52C-9701-401C-322DDA15D43C}.Release|Any CPU.Build.0 = Release|Any CPU
		{16117FDE-87C1-5461-25B5-CE0B09F9691C}.Debug|Any CPU.ActiveCfg = Debug|Any CPU
		{16117FDE-87C1-5461-25B5-CE0B09F9691C}.Debug|Any CPU.Build.0 = Debug|Any CPU
		{16117FDE-87C1-5461-25B5-CE0B09F9691C}.Release|Any CPU.ActiveCfg = Release|Any CPU
		{16117FDE-87C1-5461-25B5-CE0B09F9691C}.Release|Any CPU.Build.0 = Release|Any CPU
		{B7943449-7F0A-49D5-921A-EB36CFB0E6AE}.Debug|Any CPU.ActiveCfg = Debug|Any CPU
		{B7943449-7F0A-49D5-921A-EB36CFB0E6AE}.Debug|Any CPU.Build.0 = Debug|Any CPU
		{B7943449-7F0A-49D5-921A-EB36CFB0E6AE}.Release|Any CPU.ActiveCfg = Release|Any CPU
		{B7943449-7F0A-49D5-921A-EB36CFB0E6AE}.Release|Any CPU.Build.0 = Release|Any CPU
		{3288E4C9-F0C0-3A91-60DF-D1059408BD40}.Debug|Any CPU.ActiveCfg = Debug|Any CPU
		{3288E4C9-F0C0-3A91-60DF-D1059408BD40}.Debug|Any CPU.Build.0 = Debug|Any CPU
		{3288E4C9-F0C0-3A91-60DF-D1059408BD40}.Release|Any CPU.ActiveCfg = Release|Any CPU
		{3288E4C9-F0C0-3A91-60DF-D1059408BD40}.Release|Any CPU.Build.0 = Release|Any CPU
		{0CB542D0-6E25-8730-4063-9DDC690126C3}.Debug|Any CPU.ActiveCfg = Debug|Any CPU
		{0CB542D0-6E25-8730-4063-9DDC690126C3}.Debug|Any CPU.Build.0 = Debug|Any CPU
		{0CB542D0-6E25-8730-4063-9DDC690126C3}.Release|Any CPU.ActiveCfg = Release|Any CPU
		{0CB542D0-6E25-8730-4063-9DDC690126C3}.Release|Any CPU.Build.0 = Release|Any CPU
		{B2FFF6F6-07CF-08CC-4961-C27482402427}.Debug|Any CPU.ActiveCfg = Debug|Any CPU
		{B2FFF6F6-07CF-08CC-4961-C27482402427}.Debug|Any CPU.Build.0 = Debug|Any CPU
		{B2FFF6F6-07CF-08CC-4961-C27482402427}.Release|Any CPU.ActiveCfg = Release|Any CPU
		{B2FFF6F6-07CF-08CC-4961-C27482402427}.Release|Any CPU.Build.0 = Release|Any CPU
		{9251E302-4893-861C-A42A-A17030C2D36E}.Debug|Any CPU.ActiveCfg = Debug|Any CPU
		{9251E302-4893-861C-A42A-A17030C2D36E}.Debug|Any CPU.Build.0 = Debug|Any CPU
		{9251E302-4893-861C-A42A-A17030C2D36E}.Release|Any CPU.ActiveCfg = Release|Any CPU
		{9251E302-4893-861C-A42A-A17030C2D36E}.Release|Any CPU.Build.0 = Release|Any CPU
		{F7B32FC5-AF66-A062-CB63-0DCE794FFC84}.Debug|Any CPU.ActiveCfg = Debug|Any CPU
		{F7B32FC5-AF66-A062-CB63-0DCE794FFC84}.Debug|Any CPU.Build.0 = Debug|Any CPU
		{F7B32FC5-AF66-A062-CB63-0DCE794FFC84}.Release|Any CPU.ActiveCfg = Release|Any CPU
		{F7B32FC5-AF66-A062-CB63-0DCE794FFC84}.Release|Any CPU.Build.0 = Release|Any CPU
		{674DC387-E75F-C27A-D536-7C8C3738D181}.Debug|Any CPU.ActiveCfg = Debug|Any CPU
		{674DC387-E75F-C27A-D536-7C8C3738D181}.Debug|Any CPU.Build.0 = Debug|Any CPU
		{674DC387-E75F-C27A-D536-7C8C3738D181}.Release|Any CPU.ActiveCfg = Release|Any CPU
		{674DC387-E75F-C27A-D536-7C8C3738D181}.Release|Any CPU.Build.0 = Release|Any CPU
		{0E3D1A67-FE49-C058-CD25-677743E93286}.Debug|Any CPU.ActiveCfg = Debug|Any CPU
		{0E3D1A67-FE49-C058-CD25-677743E93286}.Debug|Any CPU.Build.0 = Debug|Any CPU
		{0E3D1A67-FE49-C058-CD25-677743E93286}.Release|Any CPU.ActiveCfg = Release|Any CPU
		{0E3D1A67-FE49-C058-CD25-677743E93286}.Release|Any CPU.Build.0 = Release|Any CPU
		{70AF79D4-E7C9-16AB-D345-8CA98EAACD00}.Debug|Any CPU.ActiveCfg = Debug|Any CPU
		{70AF79D4-E7C9-16AB-D345-8CA98EAACD00}.Debug|Any CPU.Build.0 = Debug|Any CPU
		{70AF79D4-E7C9-16AB-D345-8CA98EAACD00}.Release|Any CPU.ActiveCfg = Release|Any CPU
		{70AF79D4-E7C9-16AB-D345-8CA98EAACD00}.Release|Any CPU.Build.0 = Release|Any CPU
		{07D64CB0-579B-F19D-6631-B9D4248A4FC4}.Debug|Any CPU.ActiveCfg = Debug|Any CPU
		{07D64CB0-579B-F19D-6631-B9D4248A4FC4}.Debug|Any CPU.Build.0 = Debug|Any CPU
		{07D64CB0-579B-F19D-6631-B9D4248A4FC4}.Release|Any CPU.ActiveCfg = Release|Any CPU
		{07D64CB0-579B-F19D-6631-B9D4248A4FC4}.Release|Any CPU.Build.0 = Release|Any CPU
		{9F2E0362-21AD-3105-CA57-62ECD35B3CFB}.Debug|Any CPU.ActiveCfg = Debug|Any CPU
		{9F2E0362-21AD-3105-CA57-62ECD35B3CFB}.Debug|Any CPU.Build.0 = Debug|Any CPU
		{9F2E0362-21AD-3105-CA57-62ECD35B3CFB}.Release|Any CPU.ActiveCfg = Release|Any CPU
		{9F2E0362-21AD-3105-CA57-62ECD35B3CFB}.Release|Any CPU.Build.0 = Release|Any CPU
		{DF36E389-1184-C399-10D9-6201CA6D80BE}.Debug|Any CPU.ActiveCfg = Debug|Any CPU
		{DF36E389-1184-C399-10D9-6201CA6D80BE}.Debug|Any CPU.Build.0 = Debug|Any CPU
		{DF36E389-1184-C399-10D9-6201CA6D80BE}.Release|Any CPU.ActiveCfg = Release|Any CPU
		{DF36E389-1184-C399-10D9-6201CA6D80BE}.Release|Any CPU.Build.0 = Release|Any CPU
		{875B599B-6F10-251D-A486-7E02B3425EE5}.Debug|Any CPU.ActiveCfg = Debug|Any CPU
		{875B599B-6F10-251D-A486-7E02B3425EE5}.Debug|Any CPU.Build.0 = Debug|Any CPU
		{875B599B-6F10-251D-A486-7E02B3425EE5}.Release|Any CPU.ActiveCfg = Release|Any CPU
		{875B599B-6F10-251D-A486-7E02B3425EE5}.Release|Any CPU.Build.0 = Release|Any CPU
		{82729563-33AA-4077-8E03-E3FD2E2E3363}.Debug|Any CPU.ActiveCfg = Debug|Any CPU
		{82729563-33AA-4077-8E03-E3FD2E2E3363}.Debug|Any CPU.Build.0 = Debug|Any CPU
		{82729563-33AA-4077-8E03-E3FD2E2E3363}.Release|Any CPU.ActiveCfg = Release|Any CPU
		{82729563-33AA-4077-8E03-E3FD2E2E3363}.Release|Any CPU.Build.0 = Release|Any CPU
		{D42F67BD-EBF1-92EA-5EA5-4D2EC815A790}.Debug|Any CPU.ActiveCfg = Debug|Any CPU
		{D42F67BD-EBF1-92EA-5EA5-4D2EC815A790}.Debug|Any CPU.Build.0 = Debug|Any CPU
		{D42F67BD-EBF1-92EA-5EA5-4D2EC815A790}.Release|Any CPU.ActiveCfg = Release|Any CPU
		{D42F67BD-EBF1-92EA-5EA5-4D2EC815A790}.Release|Any CPU.Build.0 = Release|Any CPU
		{65AF08E1-D241-A8F9-FE84-1BB3605FC6AE}.Debug|Any CPU.ActiveCfg = Debug|Any CPU
		{65AF08E1-D241-A8F9-FE84-1BB3605FC6AE}.Debug|Any CPU.Build.0 = Debug|Any CPU
		{65AF08E1-D241-A8F9-FE84-1BB3605FC6AE}.Release|Any CPU.ActiveCfg = Release|Any CPU
		{65AF08E1-D241-A8F9-FE84-1BB3605FC6AE}.Release|Any CPU.Build.0 = Release|Any CPU
		{B7ACE9A9-DBB4-EBC0-1FF0-6C51156699C0}.Debug|Any CPU.ActiveCfg = Debug|Any CPU
		{B7ACE9A9-DBB4-EBC0-1FF0-6C51156699C0}.Debug|Any CPU.Build.0 = Debug|Any CPU
		{B7ACE9A9-DBB4-EBC0-1FF0-6C51156699C0}.Release|Any CPU.ActiveCfg = Release|Any CPU
		{B7ACE9A9-DBB4-EBC0-1FF0-6C51156699C0}.Release|Any CPU.Build.0 = Release|Any CPU
		{FE51F59F-00CF-CE86-D857-5B8DACA995ED}.Debug|Any CPU.ActiveCfg = Debug|Any CPU
		{FE51F59F-00CF-CE86-D857-5B8DACA995ED}.Debug|Any CPU.Build.0 = Debug|Any CPU
		{FE51F59F-00CF-CE86-D857-5B8DACA995ED}.Release|Any CPU.ActiveCfg = Release|Any CPU
		{FE51F59F-00CF-CE86-D857-5B8DACA995ED}.Release|Any CPU.Build.0 = Release|Any CPU
		{9C75FE4B-79BC-3553-D52A-B3B738DEF9F4}.Debug|Any CPU.ActiveCfg = Debug|Any CPU
		{9C75FE4B-79BC-3553-D52A-B3B738DEF9F4}.Debug|Any CPU.Build.0 = Debug|Any CPU
		{9C75FE4B-79BC-3553-D52A-B3B738DEF9F4}.Release|Any CPU.ActiveCfg = Release|Any CPU
		{9C75FE4B-79BC-3553-D52A-B3B738DEF9F4}.Release|Any CPU.Build.0 = Release|Any CPU
		{09A63814-6431-C7B8-AE2B-D0F2847B2D2C}.Debug|Any CPU.ActiveCfg = Debug|Any CPU
		{09A63814-6431-C7B8-AE2B-D0F2847B2D2C}.Debug|Any CPU.Build.0 = Debug|Any CPU
		{09A63814-6431-C7B8-AE2B-D0F2847B2D2C}.Release|Any CPU.ActiveCfg = Release|Any CPU
		{09A63814-6431-C7B8-AE2B-D0F2847B2D2C}.Release|Any CPU.Build.0 = Release|Any CPU
		{FA3D888F-DCEF-9853-53F3-91207D4F9728}.Debug|Any CPU.ActiveCfg = Debug|Any CPU
		{FA3D888F-DCEF-9853-53F3-91207D4F9728}.Debug|Any CPU.Build.0 = Debug|Any CPU
		{FA3D888F-DCEF-9853-53F3-91207D4F9728}.Release|Any CPU.ActiveCfg = Release|Any CPU
		{FA3D888F-DCEF-9853-53F3-91207D4F9728}.Release|Any CPU.Build.0 = Release|Any CPU
		{F5D2DDAB-A98E-2744-7673-071B7D8FDCC0}.Debug|Any CPU.ActiveCfg = Debug|Any CPU
		{F5D2DDAB-A98E-2744-7673-071B7D8FDCC0}.Debug|Any CPU.Build.0 = Debug|Any CPU
		{F5D2DDAB-A98E-2744-7673-071B7D8FDCC0}.Release|Any CPU.ActiveCfg = Release|Any CPU
		{F5D2DDAB-A98E-2744-7673-071B7D8FDCC0}.Release|Any CPU.Build.0 = Release|Any CPU
		{271B02A3-3FB1-90C3-1D7E-B227A9799683}.Debug|Any CPU.ActiveCfg = Debug|Any CPU
		{271B02A3-3FB1-90C3-1D7E-B227A9799683}.Debug|Any CPU.Build.0 = Debug|Any CPU
		{271B02A3-3FB1-90C3-1D7E-B227A9799683}.Release|Any CPU.ActiveCfg = Release|Any CPU
		{271B02A3-3FB1-90C3-1D7E-B227A9799683}.Release|Any CPU.Build.0 = Release|Any CPU
		{51326C4C-74E5-1D10-A80C-B6A6587F0A12}.Debug|Any CPU.ActiveCfg = Debug|Any CPU
		{51326C4C-74E5-1D10-A80C-B6A6587F0A12}.Debug|Any CPU.Build.0 = Debug|Any CPU
		{51326C4C-74E5-1D10-A80C-B6A6587F0A12}.Release|Any CPU.ActiveCfg = Release|Any CPU
		{51326C4C-74E5-1D10-A80C-B6A6587F0A12}.Release|Any CPU.Build.0 = Release|Any CPU
		{43487791-BDE9-B4AA-BB0F-444FE0394792}.Debug|Any CPU.ActiveCfg = Debug|Any CPU
		{43487791-BDE9-B4AA-BB0F-444FE0394792}.Debug|Any CPU.Build.0 = Debug|Any CPU
		{43487791-BDE9-B4AA-BB0F-444FE0394792}.Release|Any CPU.ActiveCfg = Release|Any CPU
		{43487791-BDE9-B4AA-BB0F-444FE0394792}.Release|Any CPU.Build.0 = Release|Any CPU
		{8CFDE422-60E6-FEC3-C846-486776B1756A}.Debug|Any CPU.ActiveCfg = Debug|Any CPU
		{8CFDE422-60E6-FEC3-C846-486776B1756A}.Debug|Any CPU.Build.0 = Debug|Any CPU
		{8CFDE422-60E6-FEC3-C846-486776B1756A}.Release|Any CPU.ActiveCfg = Release|Any CPU
		{8CFDE422-60E6-FEC3-C846-486776B1756A}.Release|Any CPU.Build.0 = Release|Any CPU
		{3D5E7E2F-D465-C73A-9938-7D3A6AE6DE42}.Debug|Any CPU.ActiveCfg = Debug|Any CPU
		{3D5E7E2F-D465-C73A-9938-7D3A6AE6DE42}.Debug|Any CPU.Build.0 = Debug|Any CPU
		{3D5E7E2F-D465-C73A-9938-7D3A6AE6DE42}.Release|Any CPU.ActiveCfg = Release|Any CPU
		{3D5E7E2F-D465-C73A-9938-7D3A6AE6DE42}.Release|Any CPU.Build.0 = Release|Any CPU
		{71DFD20A-6059-E778-3530-FD013FB366F0}.Debug|Any CPU.ActiveCfg = Debug|Any CPU
		{71DFD20A-6059-E778-3530-FD013FB366F0}.Debug|Any CPU.Build.0 = Debug|Any CPU
		{71DFD20A-6059-E778-3530-FD013FB366F0}.Release|Any CPU.ActiveCfg = Release|Any CPU
		{71DFD20A-6059-E778-3530-FD013FB366F0}.Release|Any CPU.Build.0 = Release|Any CPU
		{2C26B377-2342-8031-FE55-D96749A26AA6}.Debug|Any CPU.ActiveCfg = Debug|Any CPU
		{2C26B377-2342-8031-FE55-D96749A26AA6}.Debug|Any CPU.Build.0 = Debug|Any CPU
		{2C26B377-2342-8031-FE55-D96749A26AA6}.Release|Any CPU.ActiveCfg = Release|Any CPU
		{2C26B377-2342-8031-FE55-D96749A26AA6}.Release|Any CPU.Build.0 = Release|Any CPU
		{858C89D5-A8B1-B19A-1EDE-8175E87643A9}.Debug|Any CPU.ActiveCfg = Debug|Any CPU
		{858C89D5-A8B1-B19A-1EDE-8175E87643A9}.Debug|Any CPU.Build.0 = Debug|Any CPU
		{858C89D5-A8B1-B19A-1EDE-8175E87643A9}.Release|Any CPU.ActiveCfg = Release|Any CPU
		{858C89D5-A8B1-B19A-1EDE-8175E87643A9}.Release|Any CPU.Build.0 = Release|Any CPU
		{0715A4F8-3BDC-738F-8B1F-24C77B65FEBE}.Debug|Any CPU.ActiveCfg = Debug|Any CPU
		{0715A4F8-3BDC-738F-8B1F-24C77B65FEBE}.Debug|Any CPU.Build.0 = Debug|Any CPU
		{0715A4F8-3BDC-738F-8B1F-24C77B65FEBE}.Release|Any CPU.ActiveCfg = Release|Any CPU
		{0715A4F8-3BDC-738F-8B1F-24C77B65FEBE}.Release|Any CPU.Build.0 = Release|Any CPU
		{6985CFA9-41CC-D3FF-FCF0-6B66B071AF92}.Debug|Any CPU.ActiveCfg = Debug|Any CPU
		{6985CFA9-41CC-D3FF-FCF0-6B66B071AF92}.Debug|Any CPU.Build.0 = Debug|Any CPU
		{6985CFA9-41CC-D3FF-FCF0-6B66B071AF92}.Release|Any CPU.ActiveCfg = Release|Any CPU
		{6985CFA9-41CC-D3FF-FCF0-6B66B071AF92}.Release|Any CPU.Build.0 = Release|Any CPU
		{E1813AC9-2DA2-ED11-0CB5-D13D6341587A}.Debug|Any CPU.ActiveCfg = Debug|Any CPU
		{E1813AC9-2DA2-ED11-0CB5-D13D6341587A}.Debug|Any CPU.Build.0 = Debug|Any CPU
		{E1813AC9-2DA2-ED11-0CB5-D13D6341587A}.Release|Any CPU.ActiveCfg = Release|Any CPU
		{E1813AC9-2DA2-ED11-0CB5-D13D6341587A}.Release|Any CPU.Build.0 = Release|Any CPU
		{B65155CB-1CE6-8E26-6052-391A4B59DACB}.Debug|Any CPU.ActiveCfg = Debug|Any CPU
		{B65155CB-1CE6-8E26-6052-391A4B59DACB}.Debug|Any CPU.Build.0 = Debug|Any CPU
		{B65155CB-1CE6-8E26-6052-391A4B59DACB}.Release|Any CPU.ActiveCfg = Release|Any CPU
		{B65155CB-1CE6-8E26-6052-391A4B59DACB}.Release|Any CPU.Build.0 = Release|Any CPU
		{1D248434-561A-951E-7A3F-292F0624AECC}.Debug|Any CPU.ActiveCfg = Debug|Any CPU
		{1D248434-561A-951E-7A3F-292F0624AECC}.Debug|Any CPU.Build.0 = Debug|Any CPU
		{1D248434-561A-951E-7A3F-292F0624AECC}.Release|Any CPU.ActiveCfg = Release|Any CPU
		{1D248434-561A-951E-7A3F-292F0624AECC}.Release|Any CPU.Build.0 = Release|Any CPU
		{A472C679-B2DE-D3A4-DA98-28FE5BC36F55}.Debug|Any CPU.ActiveCfg = Debug|Any CPU
		{A472C679-B2DE-D3A4-DA98-28FE5BC36F55}.Debug|Any CPU.Build.0 = Debug|Any CPU
		{A472C679-B2DE-D3A4-DA98-28FE5BC36F55}.Release|Any CPU.ActiveCfg = Release|Any CPU
		{A472C679-B2DE-D3A4-DA98-28FE5BC36F55}.Release|Any CPU.Build.0 = Release|Any CPU
		{8F9D2EE5-DB94-FC0A-A3D7-95AAE2AB6F4A}.Debug|Any CPU.ActiveCfg = Debug|Any CPU
		{8F9D2EE5-DB94-FC0A-A3D7-95AAE2AB6F4A}.Debug|Any CPU.Build.0 = Debug|Any CPU
		{8F9D2EE5-DB94-FC0A-A3D7-95AAE2AB6F4A}.Release|Any CPU.ActiveCfg = Release|Any CPU
		{8F9D2EE5-DB94-FC0A-A3D7-95AAE2AB6F4A}.Release|Any CPU.Build.0 = Release|Any CPU
		{F3FC91D1-92C7-7A09-5634-1C798D16FC9B}.Debug|Any CPU.ActiveCfg = Debug|Any CPU
		{F3FC91D1-92C7-7A09-5634-1C798D16FC9B}.Debug|Any CPU.Build.0 = Debug|Any CPU
		{F3FC91D1-92C7-7A09-5634-1C798D16FC9B}.Release|Any CPU.ActiveCfg = Release|Any CPU
		{F3FC91D1-92C7-7A09-5634-1C798D16FC9B}.Release|Any CPU.Build.0 = Release|Any CPU
		{4AF08005-7608-91DF-BEBB-AB43153F6C9C}.Debug|Any CPU.ActiveCfg = Debug|Any CPU
		{4AF08005-7608-91DF-BEBB-AB43153F6C9C}.Debug|Any CPU.Build.0 = Debug|Any CPU
		{4AF08005-7608-91DF-BEBB-AB43153F6C9C}.Release|Any CPU.ActiveCfg = Release|Any CPU
		{4AF08005-7608-91DF-BEBB-AB43153F6C9C}.Release|Any CPU.Build.0 = Release|Any CPU
		{B2550746-C082-51B0-F265-C030B9D7C92F}.Debug|Any CPU.ActiveCfg = Debug|Any CPU
		{B2550746-C082-51B0-F265-C030B9D7C92F}.Debug|Any CPU.Build.0 = Debug|Any CPU
		{B2550746-C082-51B0-F265-C030B9D7C92F}.Release|Any CPU.ActiveCfg = Release|Any CPU
		{B2550746-C082-51B0-F265-C030B9D7C92F}.Release|Any CPU.Build.0 = Release|Any CPU
		{43978C1B-E2DD-2FD5-2C09-247866FD0D52}.Debug|Any CPU.ActiveCfg = Debug|Any CPU
		{43978C1B-E2DD-2FD5-2C09-247866FD0D52}.Debug|Any CPU.Build.0 = Debug|Any CPU
		{43978C1B-E2DD-2FD5-2C09-247866FD0D52}.Release|Any CPU.ActiveCfg = Release|Any CPU
		{43978C1B-E2DD-2FD5-2C09-247866FD0D52}.Release|Any CPU.Build.0 = Release|Any CPU
		{4E3720F5-8555-5E62-3701-8F140C9AB6E7}.Debug|Any CPU.ActiveCfg = Debug|Any CPU
		{4E3720F5-8555-5E62-3701-8F140C9AB6E7}.Debug|Any CPU.Build.0 = Debug|Any CPU
		{4E3720F5-8555-5E62-3701-8F140C9AB6E7}.Release|Any CPU.ActiveCfg = Release|Any CPU
		{4E3720F5-8555-5E62-3701-8F140C9AB6E7}.Release|Any CPU.Build.0 = Release|Any CPU
		{5E37C385-5C2A-5313-580A-67C60C7ADE7D}.Debug|Any CPU.ActiveCfg = Debug|Any CPU
		{5E37C385-5C2A-5313-580A-67C60C7ADE7D}.Debug|Any CPU.Build.0 = Debug|Any CPU
		{5E37C385-5C2A-5313-580A-67C60C7ADE7D}.Release|Any CPU.ActiveCfg = Release|Any CPU
		{5E37C385-5C2A-5313-580A-67C60C7ADE7D}.Release|Any CPU.Build.0 = Release|Any CPU
		{101DED20-DC23-D98B-35EB-C68BDA8F1F26}.Debug|Any CPU.ActiveCfg = Debug|Any CPU
		{101DED20-DC23-D98B-35EB-C68BDA8F1F26}.Debug|Any CPU.Build.0 = Debug|Any CPU
		{101DED20-DC23-D98B-35EB-C68BDA8F1F26}.Release|Any CPU.ActiveCfg = Release|Any CPU
		{101DED20-DC23-D98B-35EB-C68BDA8F1F26}.Release|Any CPU.Build.0 = Release|Any CPU
		{9CB800BF-E519-3E99-8F4E-3FC476B4F595}.Debug|Any CPU.ActiveCfg = Debug|Any CPU
		{9CB800BF-E519-3E99-8F4E-3FC476B4F595}.Debug|Any CPU.Build.0 = Debug|Any CPU
		{9CB800BF-E519-3E99-8F4E-3FC476B4F595}.Release|Any CPU.ActiveCfg = Release|Any CPU
		{9CB800BF-E519-3E99-8F4E-3FC476B4F595}.Release|Any CPU.Build.0 = Release|Any CPU
		{F981DECA-AD23-1A28-DE7D-12E684E20BC7}.Debug|Any CPU.ActiveCfg = Debug|Any CPU
		{F981DECA-AD23-1A28-DE7D-12E684E20BC7}.Debug|Any CPU.Build.0 = Debug|Any CPU
		{F981DECA-AD23-1A28-DE7D-12E684E20BC7}.Release|Any CPU.ActiveCfg = Release|Any CPU
		{F981DECA-AD23-1A28-DE7D-12E684E20BC7}.Release|Any CPU.Build.0 = Release|Any CPU
		{108FF8C8-044A-37D5-DC15-98D91BD64854}.Debug|Any CPU.ActiveCfg = Debug|Any CPU
		{108FF8C8-044A-37D5-DC15-98D91BD64854}.Debug|Any CPU.Build.0 = Debug|Any CPU
		{108FF8C8-044A-37D5-DC15-98D91BD64854}.Release|Any CPU.ActiveCfg = Release|Any CPU
		{108FF8C8-044A-37D5-DC15-98D91BD64854}.Release|Any CPU.Build.0 = Release|Any CPU
		{8AB2E138-3AA4-37F9-1BBD-EAAB4AA73FDE}.Debug|Any CPU.ActiveCfg = Debug|Any CPU
		{8AB2E138-3AA4-37F9-1BBD-EAAB4AA73FDE}.Debug|Any CPU.Build.0 = Debug|Any CPU
		{8AB2E138-3AA4-37F9-1BBD-EAAB4AA73FDE}.Release|Any CPU.ActiveCfg = Release|Any CPU
		{8AB2E138-3AA4-37F9-1BBD-EAAB4AA73FDE}.Release|Any CPU.Build.0 = Release|Any CPU
		{FE850F56-9FCD-A914-37F9-0C3FBF2867A6}.Debug|Any CPU.ActiveCfg = Debug|Any CPU
		{FE850F56-9FCD-A914-37F9-0C3FBF2867A6}.Debug|Any CPU.Build.0 = Debug|Any CPU
		{FE850F56-9FCD-A914-37F9-0C3FBF2867A6}.Release|Any CPU.ActiveCfg = Release|Any CPU
		{FE850F56-9FCD-A914-37F9-0C3FBF2867A6}.Release|Any CPU.Build.0 = Release|Any CPU
		{9AE54A9C-68A9-445A-A942-E0CF252F2F20}.Debug|Any CPU.ActiveCfg = Debug|Any CPU
		{9AE54A9C-68A9-445A-A942-E0CF252F2F20}.Debug|Any CPU.Build.0 = Debug|Any CPU
		{9AE54A9C-68A9-445A-A942-E0CF252F2F20}.Release|Any CPU.ActiveCfg = Release|Any CPU
		{9AE54A9C-68A9-445A-A942-E0CF252F2F20}.Release|Any CPU.Build.0 = Release|Any CPU
		{A4FE9BC1-856E-3383-99A0-60244C2F4773}.Debug|Any CPU.ActiveCfg = Debug|Any CPU
		{A4FE9BC1-856E-3383-99A0-60244C2F4773}.Debug|Any CPU.Build.0 = Debug|Any CPU
		{A4FE9BC1-856E-3383-99A0-60244C2F4773}.Release|Any CPU.ActiveCfg = Release|Any CPU
		{A4FE9BC1-856E-3383-99A0-60244C2F4773}.Release|Any CPU.Build.0 = Release|Any CPU
		{2A04B280-1D65-3F40-7722-75E912BD9ABB}.Debug|Any CPU.ActiveCfg = Debug|Any CPU
		{2A04B280-1D65-3F40-7722-75E912BD9ABB}.Debug|Any CPU.Build.0 = Debug|Any CPU
		{2A04B280-1D65-3F40-7722-75E912BD9ABB}.Release|Any CPU.ActiveCfg = Release|Any CPU
		{2A04B280-1D65-3F40-7722-75E912BD9ABB}.Release|Any CPU.Build.0 = Release|Any CPU
		{4174001E-FF8F-C2AD-4A30-0E56038F6449}.Debug|Any CPU.ActiveCfg = Debug|Any CPU
		{4174001E-FF8F-C2AD-4A30-0E56038F6449}.Debug|Any CPU.Build.0 = Debug|Any CPU
		{4174001E-FF8F-C2AD-4A30-0E56038F6449}.Release|Any CPU.ActiveCfg = Release|Any CPU
		{4174001E-FF8F-C2AD-4A30-0E56038F6449}.Release|Any CPU.Build.0 = Release|Any CPU
		{C3AC4FBD-73A8-E56D-AF3C-5165045DC78C}.Debug|Any CPU.ActiveCfg = Debug|Any CPU
		{C3AC4FBD-73A8-E56D-AF3C-5165045DC78C}.Debug|Any CPU.Build.0 = Debug|Any CPU
		{C3AC4FBD-73A8-E56D-AF3C-5165045DC78C}.Release|Any CPU.ActiveCfg = Release|Any CPU
		{C3AC4FBD-73A8-E56D-AF3C-5165045DC78C}.Release|Any CPU.Build.0 = Release|Any CPU
		{3598DFF0-7829-A76B-9C83-2F08135CD2B8}.Debug|Any CPU.ActiveCfg = Debug|Any CPU
		{3598DFF0-7829-A76B-9C83-2F08135CD2B8}.Debug|Any CPU.Build.0 = Debug|Any CPU
		{3598DFF0-7829-A76B-9C83-2F08135CD2B8}.Release|Any CPU.ActiveCfg = Release|Any CPU
		{3598DFF0-7829-A76B-9C83-2F08135CD2B8}.Release|Any CPU.Build.0 = Release|Any CPU
		{F966DCB0-5748-7B25-7186-9262CA8A473F}.Debug|Any CPU.ActiveCfg = Debug|Any CPU
		{F966DCB0-5748-7B25-7186-9262CA8A473F}.Debug|Any CPU.Build.0 = Debug|Any CPU
		{F966DCB0-5748-7B25-7186-9262CA8A473F}.Release|Any CPU.ActiveCfg = Release|Any CPU
		{F966DCB0-5748-7B25-7186-9262CA8A473F}.Release|Any CPU.Build.0 = Release|Any CPU
		{E105F811-3497-A8E8-FD9A-50CB2FD5AE48}.Debug|Any CPU.ActiveCfg = Debug|Any CPU
		{E105F811-3497-A8E8-FD9A-50CB2FD5AE48}.Debug|Any CPU.Build.0 = Debug|Any CPU
		{E105F811-3497-A8E8-FD9A-50CB2FD5AE48}.Release|Any CPU.ActiveCfg = Release|Any CPU
		{E105F811-3497-A8E8-FD9A-50CB2FD5AE48}.Release|Any CPU.Build.0 = Release|Any CPU
		{A9C9A18C-1FBA-C725-34BF-7DA88F15411A}.Debug|Any CPU.ActiveCfg = Debug|Any CPU
		{A9C9A18C-1FBA-C725-34BF-7DA88F15411A}.Debug|Any CPU.Build.0 = Debug|Any CPU
		{A9C9A18C-1FBA-C725-34BF-7DA88F15411A}.Release|Any CPU.ActiveCfg = Release|Any CPU
		{A9C9A18C-1FBA-C725-34BF-7DA88F15411A}.Release|Any CPU.Build.0 = Release|Any CPU
		{2C5D336A-474A-3EB5-55C7-237CE3ADE262}.Debug|Any CPU.ActiveCfg = Debug|Any CPU
		{2C5D336A-474A-3EB5-55C7-237CE3ADE262}.Debug|Any CPU.Build.0 = Debug|Any CPU
		{2C5D336A-474A-3EB5-55C7-237CE3ADE262}.Release|Any CPU.ActiveCfg = Release|Any CPU
		{2C5D336A-474A-3EB5-55C7-237CE3ADE262}.Release|Any CPU.Build.0 = Release|Any CPU
	EndGlobalSection
	GlobalSection(SolutionProperties) = preSolution
		HideSolutionNode = FALSE
	EndGlobalSection
	GlobalSection(SolutionProperties) = preSolution
		HideSolutionNode = FALSE
	EndGlobalSection
EndGlobal
